
Microsoft Visual Studio Solution File, Format Version 12.00
# Visual Studio 15
VisualStudioVersion = 15.0.28307.1972
MinimumVisualStudioVersion = 10.0.40219.1
Project("{FAE04EC0-301F-11D3-BF4B-00C04F79EFBC}") = "Lecture22MultitableWithSearchOption", "Lecture22MultitableWithSearchOption\Lecture22MultitableWithSearchOption.csproj", "{524726C4-821C-4EB7-A427-6E1D0C3AC48C}"
EndProject
Global
	GlobalSection(SolutionConfigurationPlatforms) = preSolution
		Debug|Any CPU = Debug|Any CPU
		Release|Any CPU = Release|Any CPU
	EndGlobalSection
	GlobalSection(ProjectConfigurationPlatforms) = postSolution
		{524726C4-821C-4EB7-A427-6E1D0C3AC48C}.Debug|Any CPU.ActiveCfg = Debug|Any CPU
		{524726C4-821C-4EB7-A427-6E1D0C3AC48C}.Debug|Any CPU.Build.0 = Debug|Any CPU
		{524726C4-821C-4EB7-A427-6E1D0C3AC48C}.Release|Any CPU.ActiveCfg = Release|Any CPU
		{524726C4-821C-4EB7-A427-6E1D0C3AC48C}.Release|Any CPU.Build.0 = Release|Any CPU
	EndGlobalSection
	GlobalSection(SolutionProperties) = preSolution
		HideSolutionNode = FALSE
	EndGlobalSection
	GlobalSection(ExtensibilityGlobals) = postSolution
		SolutionGuid = {F249103E-1B8A-44CC-B90C-C62FA998412A}
	EndGlobalSection
EndGlobal
