
Microsoft Visual Studio Solution File, Format Version 12.00
# Visual Studio 15
VisualStudioVersion = 15.0.28307.1267
MinimumVisualStudioVersion = 10.0.40219.1
Project("{FAE04EC0-301F-11D3-BF4B-00C04F79EFBC}") = "Lecture14WhatIsRazor", "Lecture14WhatIsRazor\Lecture14WhatIsRazor.csproj", "{10413340-173D-48E2-8DDE-7D8BE8E3BBF1}"
EndProject
Global
	GlobalSection(SolutionConfigurationPlatforms) = preSolution
		Debug|Any CPU = Debug|Any CPU
		Release|Any CPU = Release|Any CPU
	EndGlobalSection
	GlobalSection(ProjectConfigurationPlatforms) = postSolution
		{10413340-173D-48E2-8DDE-7D8BE8E3BBF1}.Debug|Any CPU.ActiveCfg = Debug|Any CPU
		{10413340-173D-48E2-8DDE-7D8BE8E3BBF1}.Debug|Any CPU.Build.0 = Debug|Any CPU
		{10413340-173D-48E2-8DDE-7D8BE8E3BBF1}.Release|Any CPU.ActiveCfg = Release|Any CPU
		{10413340-173D-48E2-8DDE-7D8BE8E3BBF1}.Release|Any CPU.Build.0 = Release|Any CPU
	EndGlobalSection
	GlobalSection(SolutionProperties) = preSolution
		HideSolutionNode = FALSE
	EndGlobalSection
	GlobalSection(ExtensibilityGlobals) = postSolution
		SolutionGuid = {A99DD011-E06B-437D-B79D-5CD31B1249C3}
	EndGlobalSection
EndGlobal
