
Microsoft Visual Studio Solution File, Format Version 12.00
# Visual Studio 15
VisualStudioVersion = 15.0.28307.2017
MinimumVisualStudioVersion = 10.0.40219.1
Project("{FAE04EC0-301F-11D3-BF4B-00C04F79EFBC}") = "Lecture26CreatebyAjax", "Lecture26CreatebyAjax\Lecture26CreatebyAjax.csproj", "{7408D5E2-D85E-424A-979C-CE6138BD0292}"
EndProject
Global
	GlobalSection(SolutionConfigurationPlatforms) = preSolution
		Debug|Any CPU = Debug|Any CPU
		Release|Any CPU = Release|Any CPU
	EndGlobalSection
	GlobalSection(ProjectConfigurationPlatforms) = postSolution
		{7408D5E2-D85E-424A-979C-CE6138BD0292}.Debug|Any CPU.ActiveCfg = Debug|Any CPU
		{7408D5E2-D85E-424A-979C-CE6138BD0292}.Debug|Any CPU.Build.0 = Debug|Any CPU
		{7408D5E2-D85E-424A-979C-CE6138BD0292}.Release|Any CPU.ActiveCfg = Release|Any CPU
		{7408D5E2-D85E-424A-979C-CE6138BD0292}.Release|Any CPU.Build.0 = Release|Any CPU
	EndGlobalSection
	GlobalSection(SolutionProperties) = preSolution
		HideSolutionNode = FALSE
	EndGlobalSection
	GlobalSection(ExtensibilityGlobals) = postSolution
		SolutionGuid = {AB212AB0-3B13-4687-B17B-F232D161F8B0}
	EndGlobalSection
EndGlobal
