
Microsoft Visual Studio Solution File, Format Version 12.00
# Visual Studio 15
VisualStudioVersion = 15.0.28307.1972
MinimumVisualStudioVersion = 10.0.40219.1
Project("{FAE04EC0-301F-11D3-BF4B-00C04F79EFBC}") = "Lecture16CustomHelpers", "Lecture16CustomHelpers\Lecture16CustomHelpers.csproj", "{129DB9C8-BD0A-4A22-960E-042BBC7F4A7A}"
EndProject
Global
	GlobalSection(SolutionConfigurationPlatforms) = preSolution
		Debug|Any CPU = Debug|Any CPU
		Release|Any CPU = Release|Any CPU
	EndGlobalSection
	GlobalSection(ProjectConfigurationPlatforms) = postSolution
		{129DB9C8-BD0A-4A22-960E-042BBC7F4A7A}.Debug|Any CPU.ActiveCfg = Debug|Any CPU
		{129DB9C8-BD0A-4A22-960E-042BBC7F4A7A}.Debug|Any CPU.Build.0 = Debug|Any CPU
		{129DB9C8-BD0A-4A22-960E-042BBC7F4A7A}.Release|Any CPU.ActiveCfg = Release|Any CPU
		{129DB9C8-BD0A-4A22-960E-042BBC7F4A7A}.Release|Any CPU.Build.0 = Release|Any CPU
	EndGlobalSection
	GlobalSection(SolutionProperties) = preSolution
		HideSolutionNode = FALSE
	EndGlobalSection
	GlobalSection(ExtensibilityGlobals) = postSolution
		SolutionGuid = {1C0326E9-92AE-443D-BA03-882DF71BAE5B}
	EndGlobalSection
EndGlobal
