
Microsoft Visual Studio Solution File, Format Version 12.00
# Visual Studio 15
VisualStudioVersion = 15.0.28307.1267
MinimumVisualStudioVersion = 10.0.40219.1
Project("{FAE04EC0-301F-11D3-BF4B-00C04F79EFBC}") = "Lecture01AspApplication", "Lecture01AspApplication\Lecture01AspApplication.csproj", "{BDE5DB72-1B81-42C3-8008-8FE46413E3DB}"
EndProject
Global
	GlobalSection(SolutionConfigurationPlatforms) = preSolution
		Debug|Any CPU = Debug|Any CPU
		Release|Any CPU = Release|Any CPU
	EndGlobalSection
	GlobalSection(ProjectConfigurationPlatforms) = postSolution
		{BDE5DB72-1B81-42C3-8008-8FE46413E3DB}.Debug|Any CPU.ActiveCfg = Debug|Any CPU
		{BDE5DB72-1B81-42C3-8008-8FE46413E3DB}.Debug|Any CPU.Build.0 = Debug|Any CPU
		{BDE5DB72-1B81-42C3-8008-8FE46413E3DB}.Release|Any CPU.ActiveCfg = Release|Any CPU
		{BDE5DB72-1B81-42C3-8008-8FE46413E3DB}.Release|Any CPU.Build.0 = Release|Any CPU
	EndGlobalSection
	GlobalSection(SolutionProperties) = preSolution
		HideSolutionNode = FALSE
	EndGlobalSection
	GlobalSection(ExtensibilityGlobals) = postSolution
		SolutionGuid = {980C25A7-47B6-44BE-849B-095B98CB8085}
	EndGlobalSection
EndGlobal
